PODS:
  - Bolts (1.8.4):
    - Bolts/AppLinks (= 1.8.4)
    - Bolts/Tasks (= 1.8.4)
  - Bolts/AppLinks (1.8.4):
    - Bolts/Tasks
  - Bolts/Tasks (1.8.4)
  - FBSDKCoreKit (4.18.0):
    - Bolts (~> 1.7)
  - FBSDKLoginKit (4.18.0):
    - FBSDKCoreKit
  - FBSDKShareKit (4.18.0):
    - FBSDKCoreKit
  - React (0.41.2):
    - React/Core (= 0.41.2)
  - react-native-fbsdk (0.5.0):
    - React
    - react-native-fbsdk/Core (= 0.5.0)
    - react-native-fbsdk/Login (= 0.5.0)
    - react-native-fbsdk/Share (= 0.5.0)
  - react-native-fbsdk/Core (0.5.0):
    - FBSDKCoreKit
    - React
  - react-native-fbsdk/Login (0.5.0):
    - FBSDKLoginKit
    - React
  - react-native-fbsdk/Share (0.5.0):
    - FBSDKShareKit
    - React
  - React/Core (0.41.2):
    - React/cxxreact
    - React/yoga
  - React/cxxreact (0.41.2):
    - React/jschelpers
  - React/jschelpers (0.41.2)
  - React/RCTImage (0.41.2):
    - React/Core
    - React/RCTNetwork
  - React/RCTNetwork (0.41.2):
    - React/Core
  - React/RCTText (0.41.2):
    - React/Core
  - React/RCTWebSocket (0.41.2):
    - React/Core
  - React/yoga (0.41.2)

DEPENDENCIES:
  - react-native-fbsdk (from `../node_modules/react-native-fbsdk/ios`)
  - React/Core (from `../node_modules/react-native`)
  - React/RCTImage (from `../node_modules/react-native`)
  - React/RCTNetwork (from `../node_modules/react-native`)
  - React/RCTText (from `../node_modules/react-native`)
  - React/RCTWebSocket (from `../node_modules/react-native`)

EXTERNAL SOURCES:
  React:
    :path: ../node_modules/react-native
  react-native-fbsdk:
    :path: ../node_modules/react-native-fbsdk/ios

SPEC CHECKSUMS:
  Bolts: 8a7995239dbe724f9cba2248b766d48b7ebdd322
  FBSDKCoreKit: 15fef8804a4629f98c6f4e55e81a76c9d725d85e
  FBSDKLoginKit: 6773073e970b2b15fb12e451ce7f11da0532b880
  FBSDKShareKit: 0b8d6cc3f103c75297eb3c62caec284a2ccf1b9e
  React: 2b10c07d947dea71c144a33764e9162ed81e3825
  react-native-fbsdk: b1dcaf67cb1358c893a1378b659623b96e05167a

PODFILE CHECKSUM: 76ace226e226d606b0e280a6baa857a83430be76

COCOAPODS: 1.2.0
